
Microsoft Visual Studio Solution File, Format Version 12.00
# Visual Studio Version 17
VisualStudioVersion = 17.8.34601.278
MinimumVisualStudioVersion = 10.0.40219.1
Project("{FAE04EC0-301F-11D3-BF4B-00C04F79EFBC}") = "HackerRanksln", "HackerRanksln\HackerRanksln.csproj", "{0F16DE3C-36E9-4AF6-86DC-0502A7660278}"
EndProject
Global
	GlobalSection(SolutionConfigurationPlatforms) = preSolution
		Debug|Any CPU = Debug|Any CPU
		Release|Any CPU = Release|Any CPU
	EndGlobalSection
	GlobalSection(ProjectConfigurationPlatforms) = postSolution
		{0F16DE3C-36E9-4AF6-86DC-0502A7660278}.Debug|Any CPU.ActiveCfg = Debug|Any CPU
		{0F16DE3C-36E9-4AF6-86DC-0502A7660278}.Debug|Any CPU.Build.0 = Debug|Any CPU
		{0F16DE3C-36E9-4AF6-86DC-0502A7660278}.Release|Any CPU.ActiveCfg = Release|Any CPU
		{0F16DE3C-36E9-4AF6-86DC-0502A7660278}.Release|Any CPU.Build.0 = Release|Any CPU
	EndGlobalSection
	GlobalSection(SolutionProperties) = preSolution
		HideSolutionNode = FALSE
	EndGlobalSection
	GlobalSection(ExtensibilityGlobals) = postSolution
		SolutionGuid = {E17D7831-D80F-446D-87AA-8E5085243516}
	EndGlobalSection
EndGlobal
